
Microsoft Visual Studio Solution File, Format Version 12.00
# Visual Studio 14
VisualStudioVersion = 14.0.25123.0
MinimumVisualStudioVersion = 10.0.40219.1
Project("{FAE04EC0-301F-11D3-BF4B-00C04F79EFBC}") = "MonitorrentMobile.Droid", "MonitorrentMobile\MonitorrentMobile.Droid\MonitorrentMobile.Droid.csproj", "{55D23C7E-9779-4057-B33B-49295914B54C}"
EndProject
Project("{FAE04EC0-301F-11D3-BF4B-00C04F79EFBC}") = "MonitorrentMobile.iOS", "MonitorrentMobile\MonitorrentMobile.iOS\MonitorrentMobile.iOS.csproj", "{83AC7920-5858-4557-8308-535BDC80A60C}"
EndProject
Project("{FAE04EC0-301F-11D3-BF4B-00C04F79EFBC}") = "MonitorrentMobile.UWP", "MonitorrentMobile\MonitorrentMobile.UWP\MonitorrentMobile.UWP.csproj", "{7AC9B85C-87C2-448C-B0BC-B83EEB31D85E}"
EndProject
Project("{FAE04EC0-301F-11D3-BF4B-00C04F79EFBC}") = "MonitorrentMobile", "MonitorrentMobile\MonitorrentMobile\MonitorrentMobile.csproj", "{2831B7D5-4476-4C47-B670-94E4AF602CD3}"
EndProject
Project("{FAE04EC0-301F-11D3-BF4B-00C04F79EFBC}") = "MonitorrentClient", "MonitorrentClient\MonitorrentClient.csproj", "{67F9D3A8-F71E-4428-913F-C37AE82CDB24}"
EndProject
Global
	GlobalSection(SolutionConfigurationPlatforms) = preSolution
		Ad-Hoc|Any CPU = Ad-Hoc|Any CPU
		Ad-Hoc|ARM = Ad-Hoc|ARM
		Ad-Hoc|iPhone = Ad-Hoc|iPhone
		Ad-Hoc|iPhoneSimulator = Ad-Hoc|iPhoneSimulator
		Ad-Hoc|x64 = Ad-Hoc|x64
		Ad-Hoc|x86 = Ad-Hoc|x86
		AppStore|Any CPU = AppStore|Any CPU
		AppStore|ARM = AppStore|ARM
		AppStore|iPhone = AppStore|iPhone
		AppStore|iPhoneSimulator = AppStore|iPhoneSimulator
		AppStore|x64 = AppStore|x64
		AppStore|x86 = AppStore|x86
		Debug|Any CPU = Debug|Any CPU
		Debug|ARM = Debug|ARM
		Debug|iPhone = Debug|iPhone
		Debug|iPhoneSimulator = Debug|iPhoneSimulator
		Debug|x64 = Debug|x64
		Debug|x86 = Debug|x86
		Release|Any CPU = Release|Any CPU
		Release|ARM = Release|ARM
		Release|iPhone = Release|iPhone
		Release|iPhoneSimulator = Release|iPhoneSimulator
		Release|x64 = Release|x64
		Release|x86 = Release|x86
	EndGlobalSection
	GlobalSection(ProjectConfigurationPlatforms) = postSolution
		{55D23C7E-9779-4057-B33B-49295914B54C}.Ad-Hoc|Any CPU.ActiveCfg = Release|Any CPU
		{55D23C7E-9779-4057-B33B-49295914B54C}.Ad-Hoc|Any CPU.Build.0 = Release|Any CPU
		{55D23C7E-9779-4057-B33B-49295914B54C}.Ad-Hoc|Any CPU.Deploy.0 = Release|Any CPU
		{55D23C7E-9779-4057-B33B-49295914B54C}.Ad-Hoc|ARM.ActiveCfg = Release|Any CPU
		{55D23C7E-9779-4057-B33B-49295914B54C}.Ad-Hoc|ARM.Build.0 = Release|Any CPU
		{55D23C7E-9779-4057-B33B-49295914B54C}.Ad-Hoc|ARM.Deploy.0 = Release|Any CPU
		{55D23C7E-9779-4057-B33B-49295914B54C}.Ad-Hoc|iPhone.ActiveCfg = Release|Any CPU
		{55D23C7E-9779-4057-B33B-49295914B54C}.Ad-Hoc|iPhone.Build.0 = Release|Any CPU
		{55D23C7E-9779-4057-B33B-49295914B54C}.Ad-Hoc|iPhone.Deploy.0 = Release|Any CPU
		{55D23C7E-9779-4057-B33B-49295914B54C}.Ad-Hoc|iPhoneSimulator.ActiveCfg = Release|Any CPU
		{55D23C7E-9779-4057-B33B-49295914B54C}.Ad-Hoc|iPhoneSimulator.Build.0 = Release|Any CPU
		{55D23C7E-9779-4057-B33B-49295914B54C}.Ad-Hoc|iPhoneSimulator.Deploy.0 = Release|Any CPU
		{55D23C7E-9779-4057-B33B-49295914B54C}.Ad-Hoc|x64.ActiveCfg = Release|Any CPU
		{55D23C7E-9779-4057-B33B-49295914B54C}.Ad-Hoc|x64.Build.0 = Release|Any CPU
		{55D23C7E-9779-4057-B33B-49295914B54C}.Ad-Hoc|x64.Deploy.0 = Release|Any CPU
		{55D23C7E-9779-4057-B33B-49295914B54C}.Ad-Hoc|x86.ActiveCfg = Release|Any CPU
		{55D23C7E-9779-4057-B33B-49295914B54C}.Ad-Hoc|x86.Build.0 = Release|Any CPU
		{55D23C7E-9779-4057-B33B-49295914B54C}.Ad-Hoc|x86.Deploy.0 = Release|Any CPU
		{55D23C7E-9779-4057-B33B-49295914B54C}.AppStore|Any CPU.ActiveCfg = Release|Any CPU
		{55D23C7E-9779-4057-B33B-49295914B54C}.AppStore|Any CPU.Build.0 = Release|Any CPU
		{55D23C7E-9779-4057-B33B-49295914B54C}.AppStore|Any CPU.Deploy.0 = Release|Any CPU
		{55D23C7E-9779-4057-B33B-49295914B54C}.AppStore|ARM.ActiveCfg = Release|Any CPU
		{55D23C7E-9779-4057-B33B-49295914B54C}.AppStore|ARM.Build.0 = Release|Any CPU
		{55D23C7E-9779-4057-B33B-49295914B54C}.AppStore|ARM.Deploy.0 = Release|Any CPU
		{55D23C7E-9779-4057-B33B-49295914B54C}.AppStore|iPhone.ActiveCfg = Release|Any CPU
		{55D23C7E-9779-4057-B33B-49295914B54C}.AppStore|iPhone.Build.0 = Release|Any CPU
		{55D23C7E-9779-4057-B33B-49295914B54C}.AppStore|iPhone.Deploy.0 = Release|Any CPU
		{55D23C7E-9779-4057-B33B-49295914B54C}.AppStore|iPhoneSimulator.ActiveCfg = Release|Any CPU
		{55D23C7E-9779-4057-B33B-49295914B54C}.AppStore|iPhoneSimulator.Build.0 = Release|Any CPU
		{55D23C7E-9779-4057-B33B-49295914B54C}.AppStore|iPhoneSimulator.Deploy.0 = Release|Any CPU
		{55D23C7E-9779-4057-B33B-49295914B54C}.AppStore|x64.ActiveCfg = Release|Any CPU
		{55D23C7E-9779-4057-B33B-49295914B54C}.AppStore|x64.Build.0 = Release|Any CPU
		{55D23C7E-9779-4057-B33B-49295914B54C}.AppStore|x64.Deploy.0 = Release|Any CPU
		{55D23C7E-9779-4057-B33B-49295914B54C}.AppStore|x86.ActiveCfg = Release|Any CPU
		{55D23C7E-9779-4057-B33B-49295914B54C}.AppStore|x86.Build.0 = Release|Any CPU
		{55D23C7E-9779-4057-B33B-49295914B54C}.AppStore|x86.Deploy.0 = Release|Any CPU
		{55D23C7E-9779-4057-B33B-49295914B54C}.Debug|Any CPU.ActiveCfg = Debug|Any CPU
		{55D23C7E-9779-4057-B33B-49295914B54C}.Debug|Any CPU.Build.0 = Debug|Any CPU
		{55D23C7E-9779-4057-B33B-49295914B54C}.Debug|Any CPU.Deploy.0 = Debug|Any CPU
		{55D23C7E-9779-4057-B33B-49295914B54C}.Debug|ARM.ActiveCfg = Debug|Any CPU
		{55D23C7E-9779-4057-B33B-49295914B54C}.Debug|ARM.Build.0 = Debug|Any CPU
		{55D23C7E-9779-4057-B33B-49295914B54C}.Debug|ARM.Deploy.0 = Debug|Any CPU
		{55D23C7E-9779-4057-B33B-49295914B54C}.Debug|iPhone.ActiveCfg = Debug|Any CPU
		{55D23C7E-9779-4057-B33B-49295914B54C}.Debug|iPhone.Build.0 = Debug|Any CPU
		{55D23C7E-9779-4057-B33B-49295914B54C}.Debug|iPhone.Deploy.0 = Debug|Any CPU
		{55D23C7E-9779-4057-B33B-49295914B54C}.Debug|iPhoneSimulator.ActiveCfg = Debug|Any CPU
		{55D23C7E-9779-4057-B33B-49295914B54C}.Debug|iPhoneSimulator.Build.0 = Debug|Any CPU
		{55D23C7E-9779-4057-B33B-49295914B54C}.Debug|iPhoneSimulator.Deploy.0 = Debug|Any CPU
		{55D23C7E-9779-4057-B33B-49295914B54C}.Debug|x64.ActiveCfg = Debug|Any CPU
		{55D23C7E-9779-4057-B33B-49295914B54C}.Debug|x64.Build.0 = Debug|Any CPU
		{55D23C7E-9779-4057-B33B-49295914B54C}.Debug|x64.Deploy.0 = Debug|Any CPU
		{55D23C7E-9779-4057-B33B-49295914B54C}.Debug|x86.ActiveCfg = Debug|Any CPU
		{55D23C7E-9779-4057-B33B-49295914B54C}.Debug|x86.Build.0 = Debug|Any CPU
		{55D23C7E-9779-4057-B33B-49295914B54C}.Debug|x86.Deploy.0 = Debug|Any CPU
		{55D23C7E-9779-4057-B33B-49295914B54C}.Release|Any CPU.ActiveCfg = Release|Any CPU
		{55D23C7E-9779-4057-B33B-49295914B54C}.Release|Any CPU.Build.0 = Release|Any CPU
		{55D23C7E-9779-4057-B33B-49295914B54C}.Release|Any CPU.Deploy.0 = Release|Any CPU
		{55D23C7E-9779-4057-B33B-49295914B54C}.Release|ARM.ActiveCfg = Release|Any CPU
		{55D23C7E-9779-4057-B33B-49295914B54C}.Release|ARM.Build.0 = Release|Any CPU
		{55D23C7E-9779-4057-B33B-49295914B54C}.Release|ARM.Deploy.0 = Release|Any CPU
		{55D23C7E-9779-4057-B33B-49295914B54C}.Release|iPhone.ActiveCfg = Release|Any CPU
		{55D23C7E-9779-4057-B33B-49295914B54C}.Release|iPhone.Build.0 = Release|Any CPU
		{55D23C7E-9779-4057-B33B-49295914B54C}.Release|iPhone.Deploy.0 = Release|Any CPU
		{55D23C7E-9779-4057-B33B-49295914B54C}.Release|iPhoneSimulator.ActiveCfg = Release|Any CPU
		{55D23C7E-9779-4057-B33B-49295914B54C}.Release|iPhoneSimulator.Build.0 = Release|Any CPU
		{55D23C7E-9779-4057-B33B-49295914B54C}.Release|iPhoneSimulator.Deploy.0 = Release|Any CPU
		{55D23C7E-9779-4057-B33B-49295914B54C}.Release|x64.ActiveCfg = Release|Any CPU
		{55D23C7E-9779-4057-B33B-49295914B54C}.Release|x64.Build.0 = Release|Any CPU
		{55D23C7E-9779-4057-B33B-49295914B54C}.Release|x64.Deploy.0 = Release|Any CPU
		{55D23C7E-9779-4057-B33B-49295914B54C}.Release|x86.ActiveCfg = Release|Any CPU
		{55D23C7E-9779-4057-B33B-49295914B54C}.Release|x86.Build.0 = Release|Any CPU
		{55D23C7E-9779-4057-B33B-49295914B54C}.Release|x86.Deploy.0 = Release|Any CPU
		{83AC7920-5858-4557-8308-535BDC80A60C}.Ad-Hoc|Any CPU.ActiveCfg = Ad-Hoc|iPhone
		{83AC7920-5858-4557-8308-535BDC80A60C}.Ad-Hoc|ARM.ActiveCfg = Ad-Hoc|iPhone
		{83AC7920-5858-4557-8308-535BDC80A60C}.Ad-Hoc|iPhone.ActiveCfg = Ad-Hoc|iPhone
		{83AC7920-5858-4557-8308-535BDC80A60C}.Ad-Hoc|iPhone.Build.0 = Ad-Hoc|iPhone
		{83AC7920-5858-4557-8308-535BDC80A60C}.Ad-Hoc|iPhoneSimulator.ActiveCfg = Ad-Hoc|iPhoneSimulator
		{83AC7920-5858-4557-8308-535BDC80A60C}.Ad-Hoc|iPhoneSimulator.Build.0 = Ad-Hoc|iPhoneSimulator
		{83AC7920-5858-4557-8308-535BDC80A60C}.Ad-Hoc|x64.ActiveCfg = Ad-Hoc|iPhone
		{83AC7920-5858-4557-8308-535BDC80A60C}.Ad-Hoc|x86.ActiveCfg = Ad-Hoc|iPhone
		{83AC7920-5858-4557-8308-535BDC80A60C}.AppStore|Any CPU.ActiveCfg = AppStore|iPhone
		{83AC7920-5858-4557-8308-535BDC80A60C}.AppStore|ARM.ActiveCfg = AppStore|iPhone
		{83AC7920-5858-4557-8308-535BDC80A60C}.AppStore|iPhone.ActiveCfg = AppStore|iPhone
		{83AC7920-5858-4557-8308-535BDC80A60C}.AppStore|iPhone.Build.0 = AppStore|iPhone
		{83AC7920-5858-4557-8308-535BDC80A60C}.AppStore|iPhoneSimulator.ActiveCfg = AppStore|iPhoneSimulator
		{83AC7920-5858-4557-8308-535BDC80A60C}.AppStore|iPhoneSimulator.Build.0 = AppStore|iPhoneSimulator
		{83AC7920-5858-4557-8308-535BDC80A60C}.AppStore|x64.ActiveCfg = AppStore|iPhone
		{83AC7920-5858-4557-8308-535BDC80A60C}.AppStore|x86.ActiveCfg = AppStore|iPhone
		{83AC7920-5858-4557-8308-535BDC80A60C}.Debug|Any CPU.ActiveCfg = Debug|iPhone
		{83AC7920-5858-4557-8308-535BDC80A60C}.Debug|ARM.ActiveCfg = Debug|iPhone
		{83AC7920-5858-4557-8308-535BDC80A60C}.Debug|iPhone.ActiveCfg = Debug|iPhone
		{83AC7920-5858-4557-8308-535BDC80A60C}.Debug|iPhone.Build.0 = Debug|iPhone
		{83AC7920-5858-4557-8308-535BDC80A60C}.Debug|iPhoneSimulator.ActiveCfg = Debug|iPhoneSimulator
		{83AC7920-5858-4557-8308-535BDC80A60C}.Debug|iPhoneSimulator.Build.0 = Debug|iPhoneSimulator
		{83AC7920-5858-4557-8308-535BDC80A60C}.Debug|x64.ActiveCfg = Debug|iPhone
		{83AC7920-5858-4557-8308-535BDC80A60C}.Debug|x86.ActiveCfg = Debug|iPhone
		{83AC7920-5858-4557-8308-535BDC80A60C}.Release|Any CPU.ActiveCfg = Release|iPhone
		{83AC7920-5858-4557-8308-535BDC80A60C}.Release|ARM.ActiveCfg = Release|iPhone
		{83AC7920-5858-4557-8308-535BDC80A60C}.Release|iPhone.ActiveCfg = Release|iPhone
		{83AC7920-5858-4557-8308-535BDC80A60C}.Release|iPhone.Build.0 = Release|iPhone
		{83AC7920-5858-4557-8308-535BDC80A60C}.Release|iPhoneSimulator.ActiveCfg = Release|iPhoneSimulator
		{83AC7920-5858-4557-8308-535BDC80A60C}.Release|iPhoneSimulator.Build.0 = Release|iPhoneSimulator
		{83AC7920-5858-4557-8308-535BDC80A60C}.Release|x64.ActiveCfg = Release|iPhone
		{83AC7920-5858-4557-8308-535BDC80A60C}.Release|x86.ActiveCfg = Release|iPhone
		{7AC9B85C-87C2-448C-B0BC-B83EEB31D85E}.Ad-Hoc|Any CPU.ActiveCfg = Release|x86
		{7AC9B85C-87C2-448C-B0BC-B83EEB31D85E}.Ad-Hoc|Any CPU.Build.0 = Release|x86
		{7AC9B85C-87C2-448C-B0BC-B83EEB31D85E}.Ad-Hoc|Any CPU.Deploy.0 = Release|x86
		{7AC9B85C-87C2-448C-B0BC-B83EEB31D85E}.Ad-Hoc|ARM.ActiveCfg = Release|ARM
		{7AC9B85C-87C2-448C-B0BC-B83EEB31D85E}.Ad-Hoc|ARM.Build.0 = Release|ARM
		{7AC9B85C-87C2-448C-B0BC-B83EEB31D85E}.Ad-Hoc|ARM.Deploy.0 = Release|ARM
		{7AC9B85C-87C2-448C-B0BC-B83EEB31D85E}.Ad-Hoc|iPhone.ActiveCfg = Release|x86
		{7AC9B85C-87C2-448C-B0BC-B83EEB31D85E}.Ad-Hoc|iPhone.Build.0 = Release|x86
		{7AC9B85C-87C2-448C-B0BC-B83EEB31D85E}.Ad-Hoc|iPhone.Deploy.0 = Release|x86
		{7AC9B85C-87C2-448C-B0BC-B83EEB31D85E}.Ad-Hoc|iPhoneSimulator.ActiveCfg = Release|x86
		{7AC9B85C-87C2-448C-B0BC-B83EEB31D85E}.Ad-Hoc|iPhoneSimulator.Build.0 = Release|x86
		{7AC9B85C-87C2-448C-B0BC-B83EEB31D85E}.Ad-Hoc|iPhoneSimulator.Deploy.0 = Release|x86
		{7AC9B85C-87C2-448C-B0BC-B83EEB31D85E}.Ad-Hoc|x64.ActiveCfg = Release|x64
		{7AC9B85C-87C2-448C-B0BC-B83EEB31D85E}.Ad-Hoc|x64.Build.0 = Release|x64
		{7AC9B85C-87C2-448C-B0BC-B83EEB31D85E}.Ad-Hoc|x64.Deploy.0 = Release|x64
		{7AC9B85C-87C2-448C-B0BC-B83EEB31D85E}.Ad-Hoc|x86.ActiveCfg = Release|x86
		{7AC9B85C-87C2-448C-B0BC-B83EEB31D85E}.Ad-Hoc|x86.Build.0 = Release|x86
		{7AC9B85C-87C2-448C-B0BC-B83EEB31D85E}.Ad-Hoc|x86.Deploy.0 = Release|x86
		{7AC9B85C-87C2-448C-B0BC-B83EEB31D85E}.AppStore|Any CPU.ActiveCfg = Release|x86
		{7AC9B85C-87C2-448C-B0BC-B83EEB31D85E}.AppStore|Any CPU.Build.0 = Release|x86
		{7AC9B85C-87C2-448C-B0BC-B83EEB31D85E}.AppStore|Any CPU.Deploy.0 = Release|x86
		{7AC9B85C-87C2-448C-B0BC-B83EEB31D85E}.AppStore|ARM.ActiveCfg = Release|ARM
		{7AC9B85C-87C2-448C-B0BC-B83EEB31D85E}.AppStore|ARM.Build.0 = Release|ARM
		{7AC9B85C-87C2-448C-B0BC-B83EEB31D85E}.AppStore|ARM.Deploy.0 = Release|ARM
		{7AC9B85C-87C2-448C-B0BC-B83EEB31D85E}.AppStore|iPhone.ActiveCfg = Release|x86
		{7AC9B85C-87C2-448C-B0BC-B83EEB31D85E}.AppStore|iPhone.Build.0 = Release|x86
		{7AC9B85C-87C2-448C-B0BC-B83EEB31D85E}.AppStore|iPhone.Deploy.0 = Release|x86
		{7AC9B85C-87C2-448C-B0BC-B83EEB31D85E}.AppStore|iPhoneSimulator.ActiveCfg = Release|x86
		{7AC9B85C-87C2-448C-B0BC-B83EEB31D85E}.AppStore|iPhoneSimulator.Build.0 = Release|x86
		{7AC9B85C-87C2-448C-B0BC-B83EEB31D85E}.AppStore|iPhoneSimulator.Deploy.0 = Release|x86
		{7AC9B85C-87C2-448C-B0BC-B83EEB31D85E}.AppStore|x64.ActiveCfg = Release|x64
		{7AC9B85C-87C2-448C-B0BC-B83EEB31D85E}.AppStore|x64.Build.0 = Release|x64
		{7AC9B85C-87C2-448C-B0BC-B83EEB31D85E}.AppStore|x64.Deploy.0 = Release|x64
		{7AC9B85C-87C2-448C-B0BC-B83EEB31D85E}.AppStore|x86.ActiveCfg = Release|x86
		{7AC9B85C-87C2-448C-B0BC-B83EEB31D85E}.AppStore|x86.Build.0 = Release|x86
		{7AC9B85C-87C2-448C-B0BC-B83EEB31D85E}.AppStore|x86.Deploy.0 = Release|x86
		{7AC9B85C-87C2-448C-B0BC-B83EEB31D85E}.Debug|Any CPU.ActiveCfg = Debug|x86
		{7AC9B85C-87C2-448C-B0BC-B83EEB31D85E}.Debug|Any CPU.Build.0 = Debug|x86
		{7AC9B85C-87C2-448C-B0BC-B83EEB31D85E}.Debug|Any CPU.Deploy.0 = Debug|x86
		{7AC9B85C-87C2-448C-B0BC-B83EEB31D85E}.Debug|ARM.ActiveCfg = Debug|ARM
		{7AC9B85C-87C2-448C-B0BC-B83EEB31D85E}.Debug|ARM.Build.0 = Debug|ARM
		{7AC9B85C-87C2-448C-B0BC-B83EEB31D85E}.Debug|ARM.Deploy.0 = Debug|ARM
		{7AC9B85C-87C2-448C-B0BC-B83EEB31D85E}.Debug|iPhone.ActiveCfg = Debug|x86
		{7AC9B85C-87C2-448C-B0BC-B83EEB31D85E}.Debug|iPhoneSimulator.ActiveCfg = Debug|x86
		{7AC9B85C-87C2-448C-B0BC-B83EEB31D85E}.Debug|x64.ActiveCfg = Debug|x64
		{7AC9B85C-87C2-448C-B0BC-B83EEB31D85E}.Debug|x64.Build.0 = Debug|x64
		{7AC9B85C-87C2-448C-B0BC-B83EEB31D85E}.Debug|x64.Deploy.0 = Debug|x64
		{7AC9B85C-87C2-448C-B0BC-B83EEB31D85E}.Debug|x86.ActiveCfg = Debug|x86
		{7AC9B85C-87C2-448C-B0BC-B83EEB31D85E}.Debug|x86.Build.0 = Debug|x86
		{7AC9B85C-87C2-448C-B0BC-B83EEB31D85E}.Debug|x86.Deploy.0 = Debug|x86
		{7AC9B85C-87C2-448C-B0BC-B83EEB31D85E}.Release|Any CPU.ActiveCfg = Release|x86
		{7AC9B85C-87C2-448C-B0BC-B83EEB31D85E}.Release|ARM.ActiveCfg = Release|ARM
		{7AC9B85C-87C2-448C-B0BC-B83EEB31D85E}.Release|ARM.Build.0 = Release|ARM
		{7AC9B85C-87C2-448C-B0BC-B83EEB31D85E}.Release|ARM.Deploy.0 = Release|ARM
		{7AC9B85C-87C2-448C-B0BC-B83EEB31D85E}.Release|iPhone.ActiveCfg = Release|x86
		{7AC9B85C-87C2-448C-B0BC-B83EEB31D85E}.Release|iPhoneSimulator.ActiveCfg = Release|x86
		{7AC9B85C-87C2-448C-B0BC-B83EEB31D85E}.Release|x64.ActiveCfg = Release|x64
		{7AC9B85C-87C2-448C-B0BC-B83EEB31D85E}.Release|x64.Build.0 = Release|x64
		{7AC9B85C-87C2-448C-B0BC-B83EEB31D85E}.Release|x64.Deploy.0 = Release|x64
		{7AC9B85C-87C2-448C-B0BC-B83EEB31D85E}.Release|x86.ActiveCfg = Release|x86
		{7AC9B85C-87C2-448C-B0BC-B83EEB31D85E}.Release|x86.Build.0 = Release|x86
		{7AC9B85C-87C2-448C-B0BC-B83EEB31D85E}.Release|x86.Deploy.0 = Release|x86
		{2831B7D5-4476-4C47-B670-94E4AF602CD3}.Ad-Hoc|Any CPU.ActiveCfg = Release|Any CPU
		{2831B7D5-4476-4C47-B670-94E4AF602CD3}.Ad-Hoc|Any CPU.Build.0 = Release|Any CPU
		{2831B7D5-4476-4C47-B670-94E4AF602CD3}.Ad-Hoc|ARM.ActiveCfg = Release|Any CPU
		{2831B7D5-4476-4C47-B670-94E4AF602CD3}.Ad-Hoc|ARM.Build.0 = Release|Any CPU
		{2831B7D5-4476-4C47-B670-94E4AF602CD3}.Ad-Hoc|iPhone.ActiveCfg = Release|Any CPU
		{2831B7D5-4476-4C47-B670-94E4AF602CD3}.Ad-Hoc|iPhone.Build.0 = Release|Any CPU
		{2831B7D5-4476-4C47-B670-94E4AF602CD3}.Ad-Hoc|iPhoneSimulator.ActiveCfg = Release|Any CPU
		{2831B7D5-4476-4C47-B670-94E4AF602CD3}.Ad-Hoc|iPhoneSimulator.Build.0 = Release|Any CPU
		{2831B7D5-4476-4C47-B670-94E4AF602CD3}.Ad-Hoc|x64.ActiveCfg = Release|Any CPU
		{2831B7D5-4476-4C47-B670-94E4AF602CD3}.Ad-Hoc|x64.Build.0 = Release|Any CPU
		{2831B7D5-4476-4C47-B670-94E4AF602CD3}.Ad-Hoc|x86.ActiveCfg = Release|Any CPU
		{2831B7D5-4476-4C47-B670-94E4AF602CD3}.Ad-Hoc|x86.Build.0 = Release|Any CPU
		{2831B7D5-4476-4C47-B670-94E4AF602CD3}.AppStore|Any CPU.ActiveCfg = Release|Any CPU
		{2831B7D5-4476-4C47-B670-94E4AF602CD3}.AppStore|Any CPU.Build.0 = Release|Any CPU
		{2831B7D5-4476-4C47-B670-94E4AF602CD3}.AppStore|ARM.ActiveCfg = Release|Any CPU
		{2831B7D5-4476-4C47-B670-94E4AF602CD3}.AppStore|ARM.Build.0 = Release|Any CPU
		{2831B7D5-4476-4C47-B670-94E4AF602CD3}.AppStore|iPhone.ActiveCfg = Release|Any CPU
		{2831B7D5-4476-4C47-B670-94E4AF602CD3}.AppStore|iPhone.Build.0 = Release|Any CPU
		{2831B7D5-4476-4C47-B670-94E4AF602CD3}.AppStore|iPhoneSimulator.ActiveCfg = Release|Any CPU
		{2831B7D5-4476-4C47-B670-94E4AF602CD3}.AppStore|iPhoneSimulator.Build.0 = Release|Any CPU
		{2831B7D5-4476-4C47-B670-94E4AF602CD3}.AppStore|x64.ActiveCfg = Release|Any CPU
		{2831B7D5-4476-4C47-B670-94E4AF602CD3}.AppStore|x64.Build.0 = Release|Any CPU
		{2831B7D5-4476-4C47-B670-94E4AF602CD3}.AppStore|x86.ActiveCfg = Release|Any CPU
		{2831B7D5-4476-4C47-B670-94E4AF602CD3}.AppStore|x86.Build.0 = Release|Any CPU
		{2831B7D5-4476-4C47-B670-94E4AF602CD3}.Debug|Any CPU.ActiveCfg = Debug|Any CPU
		{2831B7D5-4476-4C47-B670-94E4AF602CD3}.Debug|Any CPU.Build.0 = Debug|Any CPU
		{2831B7D5-4476-4C47-B670-94E4AF602CD3}.Debug|ARM.ActiveCfg = Debug|Any CPU
		{2831B7D5-4476-4C47-B670-94E4AF602CD3}.Debug|ARM.Build.0 = Debug|Any CPU
		{2831B7D5-4476-4C47-B670-94E4AF602CD3}.Debug|iPhone.ActiveCfg = Debug|Any CPU
		{2831B7D5-4476-4C47-B670-94E4AF602CD3}.Debug|iPhone.Build.0 = Debug|Any CPU
		{2831B7D5-4476-4C47-B670-94E4AF602CD3}.Debug|iPhoneSimulator.ActiveCfg = Debug|Any CPU
		{2831B7D5-4476-4C47-B670-94E4AF602CD3}.Debug|iPhoneSimulator.Build.0 = Debug|Any CPU
		{2831B7D5-4476-4C47-B670-94E4AF602CD3}.Debug|x64.ActiveCfg = Debug|Any CPU
		{2831B7D5-4476-4C47-B670-94E4AF602CD3}.Debug|x64.Build.0 = Debug|Any CPU
		{2831B7D5-4476-4C47-B670-94E4AF602CD3}.Debug|x86.ActiveCfg = Debug|Any CPU
		{2831B7D5-4476-4C47-B670-94E4AF602CD3}.Debug|x86.Build.0 = Debug|Any CPU
		{2831B7D5-4476-4C47-B670-94E4AF602CD3}.Release|Any CPU.ActiveCfg = Release|Any CPU
		{2831B7D5-4476-4C47-B670-94E4AF602CD3}.Release|Any CPU.Build.0 = Release|Any CPU
		{2831B7D5-4476-4C47-B670-94E4AF602CD3}.Release|ARM.ActiveCfg = Release|Any CPU
		{2831B7D5-4476-4C47-B670-94E4AF602CD3}.Release|ARM.Build.0 = Release|Any CPU
		{2831B7D5-4476-4C47-B670-94E4AF602CD3}.Release|iPhone.ActiveCfg = Release|Any CPU
		{2831B7D5-4476-4C47-B670-94E4AF602CD3}.Release|iPhone.Build.0 = Release|Any CPU
		{2831B7D5-4476-4C47-B670-94E4AF602CD3}.Release|iPhoneSimulator.ActiveCfg = Release|Any CPU
		{2831B7D5-4476-4C47-B670-94E4AF602CD3}.Release|iPhoneSimulator.Build.0 = Release|Any CPU
		{2831B7D5-4476-4C47-B670-94E4AF602CD3}.Release|x64.ActiveCfg = Release|Any CPU
		{2831B7D5-4476-4C47-B670-94E4AF602CD3}.Release|x64.Build.0 = Release|Any CPU
		{2831B7D5-4476-4C47-B670-94E4AF602CD3}.Release|x86.ActiveCfg = Release|Any CPU
		{2831B7D5-4476-4C47-B670-94E4AF602CD3}.Release|x86.Build.0 = Release|Any CPU
		{67F9D3A8-F71E-4428-913F-C37AE82CDB24}.Ad-Hoc|Any CPU.ActiveCfg = Release|Any CPU
		{67F9D3A8-F71E-4428-913F-C37AE82CDB24}.Ad-Hoc|Any CPU.Build.0 = Release|Any CPU
		{67F9D3A8-F71E-4428-913F-C37AE82CDB24}.Ad-Hoc|ARM.ActiveCfg = Release|Any CPU
		{67F9D3A8-F71E-4428-913F-C37AE82CDB24}.Ad-Hoc|ARM.Build.0 = Release|Any CPU
		{67F9D3A8-F71E-4428-913F-C37AE82CDB24}.Ad-Hoc|iPhone.ActiveCfg = Release|Any CPU
		{67F9D3A8-F71E-4428-913F-C37AE82CDB24}.Ad-Hoc|iPhone.Build.0 = Release|Any CPU
		{67F9D3A8-F71E-4428-913F-C37AE82CDB24}.Ad-Hoc|iPhoneSimulator.ActiveCfg = Release|Any CPU
		{67F9D3A8-F71E-4428-913F-C37AE82CDB24}.Ad-Hoc|iPhoneSimulator.Build.0 = Release|Any CPU
		{67F9D3A8-F71E-4428-913F-C37AE82CDB24}.Ad-Hoc|x64.ActiveCfg = Release|Any CPU
		{67F9D3A8-F71E-4428-913F-C37AE82CDB24}.Ad-Hoc|x64.Build.0 = Release|Any CPU
		{67F9D3A8-F71E-4428-913F-C37AE82CDB24}.Ad-Hoc|x86.ActiveCfg = Release|Any CPU
		{67F9D3A8-F71E-4428-913F-C37AE82CDB24}.Ad-Hoc|x86.Build.0 = Release|Any CPU
		{67F9D3A8-F71E-4428-913F-C37AE82CDB24}.AppStore|Any CPU.ActiveCfg = Release|Any CPU
		{67F9D3A8-F71E-4428-913F-C37AE82CDB24}.AppStore|Any CPU.Build.0 = Release|Any CPU
		{67F9D3A8-F71E-4428-913F-C37AE82CDB24}.AppStore|ARM.ActiveCfg = Release|Any CPU
		{67F9D3A8-F71E-4428-913F-C37AE82CDB24}.AppStore|ARM.Build.0 = Release|Any CPU
		{67F9D3A8-F71E-4428-913F-C37AE82CDB24}.AppStore|iPhone.ActiveCfg = Release|Any CPU
		{67F9D3A8-F71E-4428-913F-C37AE82CDB24}.AppStore|iPhone.Build.0 = Release|Any CPU
		{67F9D3A8-F71E-4428-913F-C37AE82CDB24}.AppStore|iPhoneSimulator.ActiveCfg = Release|Any CPU
		{67F9D3A8-F71E-4428-913F-C37AE82CDB24}.AppStore|iPhoneSimulator.Build.0 = Release|Any CPU
		{67F9D3A8-F71E-4428-913F-C37AE82CDB24}.AppStore|x64.ActiveCfg = Release|Any CPU
		{67F9D3A8-F71E-4428-913F-C37AE82CDB24}.AppStore|x64.Build.0 = Release|Any CPU
		{67F9D3A8-F71E-4428-913F-C37AE82CDB24}.AppStore|x86.ActiveCfg = Release|Any CPU
		{67F9D3A8-F71E-4428-913F-C37AE82CDB24}.AppStore|x86.Build.0 = Release|Any CPU
		{67F9D3A8-F71E-4428-913F-C37AE82CDB24}.Debug|Any CPU.ActiveCfg = Debug|Any CPU
		{67F9D3A8-F71E-4428-913F-C37AE82CDB24}.Debug|Any CPU.Build.0 = Debug|Any CPU
		{67F9D3A8-F71E-4428-913F-C37AE82CDB24}.Debug|ARM.ActiveCfg = Debug|Any CPU
		{67F9D3A8-F71E-4428-913F-C37AE82CDB24}.Debug|ARM.Build.0 = Debug|Any CPU
		{67F9D3A8-F71E-4428-913F-C37AE82CDB24}.Debug|iPhone.ActiveCfg = Debug|Any CPU
		{67F9D3A8-F71E-4428-913F-C37AE82CDB24}.Debug|iPhone.Build.0 = Debug|Any CPU
		{67F9D3A8-F71E-4428-913F-C37AE82CDB24}.Debug|iPhoneSimulator.ActiveCfg = Debug|Any CPU
		{67F9D3A8-F71E-4428-913F-C37AE82CDB24}.Debug|iPhoneSimulator.Build.0 = Debug|Any CPU
		{67F9D3A8-F71E-4428-913F-C37AE82CDB24}.Debug|x64.ActiveCfg = Debug|Any CPU
		{67F9D3A8-F71E-4428-913F-C37AE82CDB24}.Debug|x64.Build.0 = Debug|Any CPU
		{67F9D3A8-F71E-4428-913F-C37AE82CDB24}.Debug|x86.ActiveCfg = Debug|Any CPU
		{67F9D3A8-F71E-4428-913F-C37AE82CDB24}.Debug|x86.Build.0 = Debug|Any CPU
		{67F9D3A8-F71E-4428-913F-C37AE82CDB24}.Release|Any CPU.ActiveCfg = Release|Any CPU
		{67F9D3A8-F71E-4428-913F-C37AE82CDB24}.Release|Any CPU.Build.0 = Release|Any CPU
		{67F9D3A8-F71E-4428-913F-C37AE82CDB24}.Release|ARM.ActiveCfg = Release|Any CPU
		{67F9D3A8-F71E-4428-913F-C37AE82CDB24}.Release|ARM.Build.0 = Release|Any CPU
		{67F9D3A8-F71E-4428-913F-C37AE82CDB24}.Release|iPhone.ActiveCfg = Release|Any CPU
		{67F9D3A8-F71E-4428-913F-C37AE82CDB24}.Release|iPhone.Build.0 = Release|Any CPU
		{67F9D3A8-F71E-4428-913F-C37AE82CDB24}.Release|iPhoneSimulator.ActiveCfg = Release|Any CPU
		{67F9D3A8-F71E-4428-913F-C37AE82CDB24}.Release|iPhoneSimulator.Build.0 = Release|Any CPU
		{67F9D3A8-F71E-4428-913F-C37AE82CDB24}.Release|x64.ActiveCfg = Release|Any CPU
		{67F9D3A8-F71E-4428-913F-C37AE82CDB24}.Release|x64.Build.0 = Release|Any CPU
		{67F9D3A8-F71E-4428-913F-C37AE82CDB24}.Release|x86.ActiveCfg = Release|Any CPU
		{67F9D3A8-F71E-4428-913F-C37AE82CDB24}.Release|x86.Build.0 = Release|Any CPU
	EndGlobalSection
	GlobalSection(SolutionProperties) = preSolution
		HideSolutionNode = FALSE
	EndGlobalSection
EndGlobal
